
Microsoft Visual Studio Solution File, Format Version 12.00
# Visual Studio Version 16
VisualStudioVersion = 16.0.29326.143
MinimumVisualStudioVersion = 10.0.40219.1
Project("{F184B08F-C81C-45F6-A57F-5ABD9991F28F}") = "Umbraco_WebSite", "Umbraco_WebSite\Umbraco_WebSite.vbproj", "{D54190C5-EF5F-40DE-98F0-D8AFC9CCC500}"
EndProject
Global
	GlobalSection(SolutionConfigurationPlatforms) = preSolution
		Debug|Any CPU = Debug|Any CPU
		Release|Any CPU = Release|Any CPU
	EndGlobalSection
	GlobalSection(ProjectConfigurationPlatforms) = postSolution
		{D54190C5-EF5F-40DE-98F0-D8AFC9CCC500}.Debug|Any CPU.ActiveCfg = Debug|Any CPU
		{D54190C5-EF5F-40DE-98F0-D8AFC9CCC500}.Debug|Any CPU.Build.0 = Debug|Any CPU
		{D54190C5-EF5F-40DE-98F0-D8AFC9CCC500}.Release|Any CPU.ActiveCfg = Release|Any CPU
		{D54190C5-EF5F-40DE-98F0-D8AFC9CCC500}.Release|Any CPU.Build.0 = Release|Any CPU
	EndGlobalSection
	GlobalSection(SolutionProperties) = preSolution
		HideSolutionNode = FALSE
	EndGlobalSection
	GlobalSection(ExtensibilityGlobals) = postSolution
		SolutionGuid = {9E83EA30-C138-4E6E-9335-7546E56BDE66}
	EndGlobalSection
EndGlobal
